<Solution>
  <Folder Name="/Task0/">
    <Project Path="Tyuiu.SklyarovAM.Sprint4.Task0.V21.Lib/Tyuiu.SklyarovAM.Sprint4.Task0.V21.Lib.csproj" />
    <Project Path="Tyuiu.SklyarovAM.Sprint4.Task0.V21.Test/Tyuiu.SklyarovAM.Sprint4.Task0.V21.Test.csproj" />
    <Project Path="Tyuiu.SklyarovAM.Sprint4.Task0.V21/Tyuiu.SklyarovAM.Sprint4.Task0.V21.csproj" />
  </Folder>
  <Folder Name="/Task1/">
    <Project Path="Tyuiu.SklyarovAM.Sprint4.Task1.V6.Lib/Tyuiu.SklyarovAM.Sprint4.Task1.V6.Lib.csproj" />
    <Project Path="Tyuiu.SklyarovAM.Sprint4.Task1.V6.Test/Tyuiu.SklyarovAM.Sprint4.Task1.V6.Test.csproj" />
    <Project Path="Tyuiu.SklyarovAM.Sprint4.Task1.V6/Tyuiu.SklyarovAM.Sprint4.Task1.V6.csproj" />
  </Folder>
  <Folder Name="/Task2/">
    <Project Path="Tyuiu.SklyarovAM.Sprint4.Task2.V6.Lib/Tyuiu.SklyarovAM.Sprint4.Task2.V6.Lib.csproj" />
    <Project Path="Tyuiu.SklyarovAM.Sprint4.Task2.V6.Test/Tyuiu.SklyarovAM.Sprint4.Task2.V6.Test.csproj" />
    <Project Path="Tyuiu.SklyarovAM.Sprint4.Task2.V6/Tyuiu.SklyarovAM.Sprint4.Task2.V6.csproj" />
  </Folder>
  <Folder Name="/Task3/">
    <Project Path="Tyuiu.SklyarovAM.Sprint4.Task3.V7.Lib/Tyuiu.SklyarovAM.Sprint4.Task3.V7.Lib.csproj" />
    <Project Path="Tyuiu.SklyarovAM.Sprint4.Task3.V7.Test/Tyuiu.SklyarovAM.Sprint4.Task3.V7.Test.csproj" />
    <Project Path="Tyuiu.SklyarovAM.Sprint4.Task3.V7/Tyuiu.SklyarovAM.Sprint4.Task3.V7.csproj" />
  </Folder>
  <Folder Name="/Task4/">
    <Project Path="Tyuiu.SklyarovAM.Sprint4.Task4.V5.Lib/Tyuiu.SklyarovAM.Sprint4.Task4.V5.Lib.csproj" />
    <Project Path="Tyuiu.SklyarovAM.Sprint4.Task4.V5.Test/Tyuiu.SklyarovAM.Sprint4.Task4.V5.Test.csproj" />
    <Project Path="Tyuiu.SklyarovAM.Sprint4.Task4.V5/Tyuiu.SklyarovAM.Sprint4.Task4.V5.csproj" />
  </Folder>
  <Folder Name="/Task5/">
    <Project Path="Tyuiu.SklyarovAM.Sprint4.Task5.V18.Lib/Tyuiu.SklyarovAM.Sprint4.Task5.V18.Lib.csproj" />
    <Project Path="Tyuiu.SklyarovAM.Sprint4.Task5.V18.Test/Tyuiu.SklyarovAM.Sprint4.Task5.V18.Test.csproj" />
    <Project Path="Tyuiu.SklyarovAM.Sprint4.Task5.V18/Tyuiu.SklyarovAM.Sprint4.Task5.V18.csproj" />
  </Folder>
</Solution>
